
Microsoft Visual Studio Solution File, Format Version 12.00
# Visual Studio Version 17
VisualStudioVersion = 17.7.34202.233
MinimumVisualStudioVersion = 10.0.40219.1
Project("{8BC9CEB8-8B4A-11D0-8D11-00A0C91BC942}") = "Iterator Pattern", "Iterator Pattern\Iterator Pattern.vcxproj", "{16A49273-D3CE-4C82-9EE2-0948F53E612B}"
EndProject
Project("{8BC9CEB8-8B4A-11D0-8D11-00A0C91BC942}") = "Memento Pattern", "Memento Pattern\Memento Pattern.vcxproj", "{A21C7A85-DE49-4214-8A7B-C03B44D1390B}"
EndProject
Project("{8BC9CEB8-8B4A-11D0-8D11-00A0C91BC942}") = "State Pattern", "State Pattern\State Pattern.vcxproj", "{773F6491-091A-4417-9F8E-CC874CACB91F}"
EndProject
Project("{8BC9CEB8-8B4A-11D0-8D11-00A0C91BC942}") = "Strategy Pattern", "Strategy Pattern\Strategy Pattern.vcxproj", "{63C51323-3799-4B1B-BB47-1B9F4DAABFEB}"
EndProject
Project("{8BC9CEB8-8B4A-11D0-8D11-00A0C91BC942}") = "Template Method Pattern", "Template Method Pattern\Template Method Pattern.vcxproj", "{53B7218A-E6BB-4FD6-A35F-60E14C760D19}"
EndProject
Project("{8BC9CEB8-8B4A-11D0-8D11-00A0C91BC942}") = "Command Pattern", "Command Pattern\Command Pattern.vcxproj", "{DA9D68F5-31F7-4A33-902C-5D8A6D070A8C}"
EndProject
Project("{8BC9CEB8-8B4A-11D0-8D11-00A0C91BC942}") = "Observer Pattern", "Observer Pattern\Observer Pattern.vcxproj", "{7B1C4FBF-7C56-48C6-BD75-EBCC98B26D89}"
EndProject
Project("{8BC9CEB8-8B4A-11D0-8D11-00A0C91BC942}") = "Mediator Pattern", "Mediator Pattern\Mediator Pattern.vcxproj", "{97D9D24B-0003-4618-B143-37D8B2E63DDF}"
EndProject
Project("{8BC9CEB8-8B4A-11D0-8D11-00A0C91BC942}") = "Chain Of Responsibility Pattern", "Chain Of Responsibility Pattern\Chain Of Responsibility Pattern.vcxproj", "{1FE5CAC1-24AA-4EAC-AF1D-CD776F076781}"
EndProject
Project("{8BC9CEB8-8B4A-11D0-8D11-00A0C91BC942}") = "Visitor Pattern", "Visitor Pattern\Visitor Pattern.vcxproj", "{90F1AEFE-C39D-46A5-8BEA-8304F8579073}"
EndProject
Project("{8BC9CEB8-8B4A-11D0-8D11-00A0C91BC942}") = "Composite Pattern", "Composite Pattern\Composite Pattern.vcxproj", "{8062EB97-B689-4E17-8F8C-6F99A48A7198}"
EndProject
Project("{8BC9CEB8-8B4A-11D0-8D11-00A0C91BC942}") = "Adapter Pattern", "Adapter Pattern\Adapter Pattern.vcxproj", "{62BE6A34-FF6A-4122-B672-930BEE55801E}"
EndProject
Project("{8BC9CEB8-8B4A-11D0-8D11-00A0C91BC942}") = "Decorator Pattern", "Decorator Pattern\Decorator Pattern.vcxproj", "{82F8539A-E996-4689-844E-540FF0F3B4B7}"
EndProject
Global
	GlobalSection(SolutionConfigurationPlatforms) = preSolution
		Debug|x64 = Debug|x64
		Debug|x86 = Debug|x86
		Release|x64 = Release|x64
		Release|x86 = Release|x86
	EndGlobalSection
	GlobalSection(ProjectConfigurationPlatforms) = postSolution
		{16A49273-D3CE-4C82-9EE2-0948F53E612B}.Debug|x64.ActiveCfg = Debug|x64
		{16A49273-D3CE-4C82-9EE2-0948F53E612B}.Debug|x64.Build.0 = Debug|x64
		{16A49273-D3CE-4C82-9EE2-0948F53E612B}.Debug|x86.ActiveCfg = Debug|Win32
		{16A49273-D3CE-4C82-9EE2-0948F53E612B}.Debug|x86.Build.0 = Debug|Win32
		{16A49273-D3CE-4C82-9EE2-0948F53E612B}.Release|x64.ActiveCfg = Release|x64
		{16A49273-D3CE-4C82-9EE2-0948F53E612B}.Release|x64.Build.0 = Release|x64
		{16A49273-D3CE-4C82-9EE2-0948F53E612B}.Release|x86.ActiveCfg = Release|Win32
		{16A49273-D3CE-4C82-9EE2-0948F53E612B}.Release|x86.Build.0 = Release|Win32
		{A21C7A85-DE49-4214-8A7B-C03B44D1390B}.Debug|x64.ActiveCfg = Debug|x64
		{A21C7A85-DE49-4214-8A7B-C03B44D1390B}.Debug|x64.Build.0 = Debug|x64
		{A21C7A85-DE49-4214-8A7B-C03B44D1390B}.Debug|x86.ActiveCfg = Debug|Win32
		{A21C7A85-DE49-4214-8A7B-C03B44D1390B}.Debug|x86.Build.0 = Debug|Win32
		{A21C7A85-DE49-4214-8A7B-C03B44D1390B}.Release|x64.ActiveCfg = Release|x64
		{A21C7A85-DE49-4214-8A7B-C03B44D1390B}.Release|x64.Build.0 = Release|x64
		{A21C7A85-DE49-4214-8A7B-C03B44D1390B}.Release|x86.ActiveCfg = Release|Win32
		{A21C7A85-DE49-4214-8A7B-C03B44D1390B}.Release|x86.Build.0 = Release|Win32
		{773F6491-091A-4417-9F8E-CC874CACB91F}.Debug|x64.ActiveCfg = Debug|x64
		{773F6491-091A-4417-9F8E-CC874CACB91F}.Debug|x64.Build.0 = Debug|x64
		{773F6491-091A-4417-9F8E-CC874CACB91F}.Debug|x86.ActiveCfg = Debug|Win32
		{773F6491-091A-4417-9F8E-CC874CACB91F}.Debug|x86.Build.0 = Debug|Win32
		{773F6491-091A-4417-9F8E-CC874CACB91F}.Release|x64.ActiveCfg = Release|x64
		{773F6491-091A-4417-9F8E-CC874CACB91F}.Release|x64.Build.0 = Release|x64
		{773F6491-091A-4417-9F8E-CC874CACB91F}.Release|x86.ActiveCfg = Release|Win32
		{773F6491-091A-4417-9F8E-CC874CACB91F}.Release|x86.Build.0 = Release|Win32
		{63C51323-3799-4B1B-BB47-1B9F4DAABFEB}.Debug|x64.ActiveCfg = Debug|x64
		{63C51323-3799-4B1B-BB47-1B9F4DAABFEB}.Debug|x64.Build.0 = Debug|x64
		{63C51323-3799-4B1B-BB47-1B9F4DAABFEB}.Debug|x86.ActiveCfg = Debug|Win32
		{63C51323-3799-4B1B-BB47-1B9F4DAABFEB}.Debug|x86.Build.0 = Debug|Win32
		{63C51323-3799-4B1B-BB47-1B9F4DAABFEB}.Release|x64.ActiveCfg = Release|x64
		{63C51323-3799-4B1B-BB47-1B9F4DAABFEB}.Release|x64.Build.0 = Release|x64
		{63C51323-3799-4B1B-BB47-1B9F4DAABFEB}.Release|x86.ActiveCfg = Release|Win32
		{63C51323-3799-4B1B-BB47-1B9F4DAABFEB}.Release|x86.Build.0 = Release|Win32
		{53B7218A-E6BB-4FD6-A35F-60E14C760D19}.Debug|x64.ActiveCfg = Debug|x64
		{53B7218A-E6BB-4FD6-A35F-60E14C760D19}.Debug|x64.Build.0 = Debug|x64
		{53B7218A-E6BB-4FD6-A35F-60E14C760D19}.Debug|x86.ActiveCfg = Debug|Win32
		{53B7218A-E6BB-4FD6-A35F-60E14C760D19}.Debug|x86.Build.0 = Debug|Win32
		{53B7218A-E6BB-4FD6-A35F-60E14C760D19}.Release|x64.ActiveCfg = Release|x64
		{53B7218A-E6BB-4FD6-A35F-60E14C760D19}.Release|x64.Build.0 = Release|x64
		{53B7218A-E6BB-4FD6-A35F-60E14C760D19}.Release|x86.ActiveCfg = Release|Win32
		{53B7218A-E6BB-4FD6-A35F-60E14C760D19}.Release|x86.Build.0 = Release|Win32
		{DA9D68F5-31F7-4A33-902C-5D8A6D070A8C}.Debug|x64.ActiveCfg = Debug|x64
		{DA9D68F5-31F7-4A33-902C-5D8A6D070A8C}.Debug|x64.Build.0 = Debug|x64
		{DA9D68F5-31F7-4A33-902C-5D8A6D070A8C}.Debug|x86.ActiveCfg = Debug|Win32
		{DA9D68F5-31F7-4A33-902C-5D8A6D070A8C}.Debug|x86.Build.0 = Debug|Win32
		{DA9D68F5-31F7-4A33-902C-5D8A6D070A8C}.Release|x64.ActiveCfg = Release|x64
		{DA9D68F5-31F7-4A33-902C-5D8A6D070A8C}.Release|x64.Build.0 = Release|x64
		{DA9D68F5-31F7-4A33-902C-5D8A6D070A8C}.Release|x86.ActiveCfg = Release|Win32
		{DA9D68F5-31F7-4A33-902C-5D8A6D070A8C}.Release|x86.Build.0 = Release|Win32
		{7B1C4FBF-7C56-48C6-BD75-EBCC98B26D89}.Debug|x64.ActiveCfg = Debug|x64
		{7B1C4FBF-7C56-48C6-BD75-EBCC98B26D89}.Debug|x64.Build.0 = Debug|x64
		{7B1C4FBF-7C56-48C6-BD75-EBCC98B26D89}.Debug|x86.ActiveCfg = Debug|Win32
		{7B1C4FBF-7C56-48C6-BD75-EBCC98B26D89}.Debug|x86.Build.0 = Debug|Win32
		{7B1C4FBF-7C56-48C6-BD75-EBCC98B26D89}.Release|x64.ActiveCfg = Release|x64
		{7B1C4FBF-7C56-48C6-BD75-EBCC98B26D89}.Release|x64.Build.0 = Release|x64
		{7B1C4FBF-7C56-48C6-BD75-EBCC98B26D89}.Release|x86.ActiveCfg = Release|Win32
		{7B1C4FBF-7C56-48C6-BD75-EBCC98B26D89}.Release|x86.Build.0 = Release|Win32
		{97D9D24B-0003-4618-B143-37D8B2E63DDF}.Debug|x64.ActiveCfg = Debug|x64
		{97D9D24B-0003-4618-B143-37D8B2E63DDF}.Debug|x64.Build.0 = Debug|x64
		{97D9D24B-0003-4618-B143-37D8B2E63DDF}.Debug|x86.ActiveCfg = Debug|Win32
		{97D9D24B-0003-4618-B143-37D8B2E63DDF}.Debug|x86.Build.0 = Debug|Win32
		{97D9D24B-0003-4618-B143-37D8B2E63DDF}.Release|x64.ActiveCfg = Release|x64
		{97D9D24B-0003-4618-B143-37D8B2E63DDF}.Release|x64.Build.0 = Release|x64
		{97D9D24B-0003-4618-B143-37D8B2E63DDF}.Release|x86.ActiveCfg = Release|Win32
		{97D9D24B-0003-4618-B143-37D8B2E63DDF}.Release|x86.Build.0 = Release|Win32
		{1FE5CAC1-24AA-4EAC-AF1D-CD776F076781}.Debug|x64.ActiveCfg = Debug|x64
		{1FE5CAC1-24AA-4EAC-AF1D-CD776F076781}.Debug|x64.Build.0 = Debug|x64
		{1FE5CAC1-24AA-4EAC-AF1D-CD776F076781}.Debug|x86.ActiveCfg = Debug|Win32
		{1FE5CAC1-24AA-4EAC-AF1D-CD776F076781}.Debug|x86.Build.0 = Debug|Win32
		{1FE5CAC1-24AA-4EAC-AF1D-CD776F076781}.Release|x64.ActiveCfg = Release|x64
		{1FE5CAC1-24AA-4EAC-AF1D-CD776F076781}.Release|x64.Build.0 = Release|x64
		{1FE5CAC1-24AA-4EAC-AF1D-CD776F076781}.Release|x86.ActiveCfg = Release|Win32
		{1FE5CAC1-24AA-4EAC-AF1D-CD776F076781}.Release|x86.Build.0 = Release|Win32
		{90F1AEFE-C39D-46A5-8BEA-8304F8579073}.Debug|x64.ActiveCfg = Debug|x64
		{90F1AEFE-C39D-46A5-8BEA-8304F8579073}.Debug|x64.Build.0 = Debug|x64
		{90F1AEFE-C39D-46A5-8BEA-8304F8579073}.Debug|x86.ActiveCfg = Debug|Win32
		{90F1AEFE-C39D-46A5-8BEA-8304F8579073}.Debug|x86.Build.0 = Debug|Win32
		{90F1AEFE-C39D-46A5-8BEA-8304F8579073}.Release|x64.ActiveCfg = Release|x64
		{90F1AEFE-C39D-46A5-8BEA-8304F8579073}.Release|x64.Build.0 = Release|x64
		{90F1AEFE-C39D-46A5-8BEA-8304F8579073}.Release|x86.ActiveCfg = Release|Win32
		{90F1AEFE-C39D-46A5-8BEA-8304F8579073}.Release|x86.Build.0 = Release|Win32
		{8062EB97-B689-4E17-8F8C-6F99A48A7198}.Debug|x64.ActiveCfg = Debug|x64
		{8062EB97-B689-4E17-8F8C-6F99A48A7198}.Debug|x64.Build.0 = Debug|x64
		{8062EB97-B689-4E17-8F8C-6F99A48A7198}.Debug|x86.ActiveCfg = Debug|Win32
		{8062EB97-B689-4E17-8F8C-6F99A48A7198}.Debug|x86.Build.0 = Debug|Win32
		{8062EB97-B689-4E17-8F8C-6F99A48A7198}.Release|x64.ActiveCfg = Release|x64
		{8062EB97-B689-4E17-8F8C-6F99A48A7198}.Release|x64.Build.0 = Release|x64
		{8062EB97-B689-4E17-8F8C-6F99A48A7198}.Release|x86.ActiveCfg = Release|Win32
		{8062EB97-B689-4E17-8F8C-6F99A48A7198}.Release|x86.Build.0 = Release|Win32
		{62BE6A34-FF6A-4122-B672-930BEE55801E}.Debug|x64.ActiveCfg = Debug|x64
		{62BE6A34-FF6A-4122-B672-930BEE55801E}.Debug|x64.Build.0 = Debug|x64
		{62BE6A34-FF6A-4122-B672-930BEE55801E}.Debug|x86.ActiveCfg = Debug|Win32
		{62BE6A34-FF6A-4122-B672-930BEE55801E}.Debug|x86.Build.0 = Debug|Win32
		{62BE6A34-FF6A-4122-B672-930BEE55801E}.Release|x64.ActiveCfg = Release|x64
		{62BE6A34-FF6A-4122-B672-930BEE55801E}.Release|x64.Build.0 = Release|x64
		{62BE6A34-FF6A-4122-B672-930BEE55801E}.Release|x86.ActiveCfg = Release|Win32
		{62BE6A34-FF6A-4122-B672-930BEE55801E}.Release|x86.Build.0 = Release|Win32
		{82F8539A-E996-4689-844E-540FF0F3B4B7}.Debug|x64.ActiveCfg = Debug|x64
		{82F8539A-E996-4689-844E-540FF0F3B4B7}.Debug|x64.Build.0 = Debug|x64
		{82F8539A-E996-4689-844E-540FF0F3B4B7}.Debug|x86.ActiveCfg = Debug|Win32
		{82F8539A-E996-4689-844E-540FF0F3B4B7}.Debug|x86.Build.0 = Debug|Win32
		{82F8539A-E996-4689-844E-540FF0F3B4B7}.Release|x64.ActiveCfg = Release|x64
		{82F8539A-E996-4689-844E-540FF0F3B4B7}.Release|x64.Build.0 = Release|x64
		{82F8539A-E996-4689-844E-540FF0F3B4B7}.Release|x86.ActiveCfg = Release|Win32
		{82F8539A-E996-4689-844E-540FF0F3B4B7}.Release|x86.Build.0 = Release|Win32
	EndGlobalSection
	GlobalSection(SolutionProperties) = preSolution
		HideSolutionNode = FALSE
	EndGlobalSection
	GlobalSection(ExtensibilityGlobals) = postSolution
		SolutionGuid = {080CA388-411E-4C20-A8D6-066EDDC65CBA}
	EndGlobalSection
EndGlobal
